
Microsoft Visual Studio Solution File, Format Version 12.00
# Visual Studio Version 17
VisualStudioVersion = 17.5.33530.505
MinimumVisualStudioVersion = 10.0.40219.1
Project("{FAE04EC0-301F-11D3-BF4B-00C04F79EFBC}") = "ChronoMath", "ChronoMath\ChronoMath.csproj", "{993CA6C7-EE23-4F8D-98F4-B939289219E3}"
EndProject
Global
	GlobalSection(SolutionConfigurationPlatforms) = preSolution
		Debug|Any CPU = Debug|Any CPU
		Release|Any CPU = Release|Any CPU
	EndGlobalSection
	GlobalSection(ProjectConfigurationPlatforms) = postSolution
		{993CA6C7-EE23-4F8D-98F4-B939289219E3}.Debug|Any CPU.ActiveCfg = Debug|Any CPU
		{993CA6C7-EE23-4F8D-98F4-B939289219E3}.Debug|Any CPU.Build.0 = Debug|Any CPU
		{993CA6C7-EE23-4F8D-98F4-B939289219E3}.Release|Any CPU.ActiveCfg = Release|Any CPU
		{993CA6C7-EE23-4F8D-98F4-B939289219E3}.Release|Any CPU.Build.0 = Release|Any CPU
	EndGlobalSection
	GlobalSection(SolutionProperties) = preSolution
		HideSolutionNode = FALSE
	EndGlobalSection
	GlobalSection(ExtensibilityGlobals) = postSolution
		SolutionGuid = {32BB4A99-01F8-4378-98A8-7AAC8B6D2956}
	EndGlobalSection
EndGlobal
